{
  "originHash" : "81cc9aefffe5df833cec0e3f4d4db42268bf0b3f14788633798394959b7a010a",
  "pins" : [
    {
      "identity" : "librecrkit",
      "kind" : "remoteSourceControl",
      "location" : "https://github.com/airedev326/LibreCRKit.git",
      "state" : {
        "revision" : "e69dbd66f648ee3956b838b1b42abb6cd54957d2"
      }
    }
  ],
  "version" : 3
}
