{
  "originHash" : "81cc9aefffe5df833cec0e3f4d4db42268bf0b3f14788633798394959b7a010a",
  "pins" : [
    {
      "identity" : "librecrkit",
      "kind" : "remoteSourceControl",
      "location" : "https://github.com/airedev326/LibreCRKit.git",
      "state" : {
        "revision" : "ae3ebf707f739ba58eb11aa5830ce7d7a65a64be"
      }
    }
  ],
  "version" : 3
}
